// !$*UTF8*$!
{
	archiveVersion = 1;
	classes = {
	};
	objectVersion = 56;
	objects = {

/* Begin PBXBuildFile section */
		C293FBA92BF38563001EC33A /* ItemModel.swift in Sources */ = {isa = PBXBuildFile; fileRef = C293FBA82BF38563001EC33A /* ItemModel.swift */; };
		C2A1D4CF2BF7367600E31862 /* NoItemsView.swift in Sources */ = {isa = PBXBuildFile; fileRef = C2A1D4CE2BF7367600E31862 /* NoItemsView.swift */; };
		C2A1D4D12BF7591100E31862 /* Launch Screen.storyboard in Resources */ = {isa = PBXBuildFile; fileRef = C2A1D4D02BF7591100E31862 /* Launch Screen.storyboard */; };
		C2A6B7652BF340DA00B1A303 /* To_Do_AppApp.swift in Sources */ = {isa = PBXBuildFile; fileRef = C2A6B7642BF340DA00B1A303 /* To_Do_AppApp.swift */; };
		C2A6B7692BF340DD00B1A303 /* Assets.xcassets in Resources */ = {isa = PBXBuildFile; fileRef = C2A6B7682BF340DD00B1A303 /* Assets.xcassets */; };
		C2A6B76C2BF340DD00B1A303 /* Preview Assets.xcassets in Resources */ = {isa = PBXBuildFile; fileRef = C2A6B76B2BF340DD00B1A303 /* Preview Assets.xcassets */; };
		C2A6B7742BF3425000B1A303 /* ListView.swift in Sources */ = {isa = PBXBuildFile; fileRef = C2A6B7732BF3425000B1A303 /* ListView.swift */; };
		C2A6B7762BF3449100B1A303 /* ListRowView.swift in Sources */ = {isa = PBXBuildFile; fileRef = C2A6B7752BF3449100B1A303 /* ListRowView.swift */; };
		C2A6B7782BF349DA00B1A303 /* AddView.swift in Sources */ = {isa = PBXBuildFile; fileRef = C2A6B7772BF349DA00B1A303 /* AddView.swift */; };
		C2B6E8152BF5D515004358BC /* ListViewModel.swift in Sources */ = {isa = PBXBuildFile; fileRef = C2B6E8142BF5D514004358BC /* ListViewModel.swift */; };
/* End PBXBuildFile section */

/* Begin PBXFileReference section */
		C293FBA82BF38563001EC33A /* ItemModel.swift */ = {isa = PBXFileReference; lastKnownFileType = sourcecode.swift; path = ItemModel.swift; sourceTree = "<group>"; };
		C2A1D4CE2BF7367600E31862 /* NoItemsView.swift */ = {isa = PBXFileReference; lastKnownFileType = sourcecode.swift; path = NoItemsView.swift; sourceTree = "<group>"; };
		C2A1D4D02BF7591100E31862 /* Launch Screen.storyboard */ = {isa = PBXFileReference; lastKnownFileType = file.storyboard; path = "Launch Screen.storyboard"; sourceTree = "<group>"; };
		C2A6B7612BF340DA00B1A303 /* To-Do App.app */ = {isa = PBXFileReference; explicitFileType = wrapper.application; includeInIndex = 0; path = "To-Do App.app"; sourceTree = BUILT_PRODUCTS_DIR; };
		C2A6B7642BF340DA00B1A303 /* To_Do_AppApp.swift */ = {isa = PBXFileReference; lastKnownFileType = sourcecode.swift; path = To_Do_AppApp.swift; sourceTree = "<group>"; };
		C2A6B7682BF340DD00B1A303 /* Assets.xcassets */ = {isa = PBXFileReference; lastKnownFileType = folder.assetcatalog; path = Assets.xcassets; sourceTree = "<group>"; };
		C2A6B76B2BF340DD00B1A303 /* Preview Assets.xcassets */ = {isa = PBXFileReference; lastKnownFileType = folder.assetcatalog; path = "Preview Assets.xcassets"; sourceTree = "<group>"; };
		C2A6B7732BF3425000B1A303 /* ListView.swift */ = {isa = PBXFileReference; lastKnownFileType = sourcecode.swift; path = ListView.swift; sourceTree = "<group>"; };
		C2A6B7752BF3449100B1A303 /* ListRowView.swift */ = {isa = PBXFileReference; lastKnownFileType = sourcecode.swift; path = ListRowView.swift; sourceTree = "<group>"; };
		C2A6B7772BF349DA00B1A303 /* AddView.swift */ = {isa = PBXFileReference; lastKnownFileType = sourcecode.swift; path = AddView.swift; sourceTree = "<group>"; };
		C2B6E8142BF5D514004358BC /* ListViewModel.swift */ = {isa = PBXFileReference; lastKnownFileType = sourcecode.swift; path = ListViewModel.swift; sourceTree = "<group>"; };
/* End PBXFileReference section */

/* Begin PBXFrameworksBuildPhase section */
		C2A6B75E2BF340DA00B1A303 /* Frameworks */ = {
			isa = PBXFrameworksBuildPhase;
			buildActionMask = 2147483647;
			files = (
			);
			runOnlyForDeploymentPostprocessing = 0;
		};
/* End PBXFrameworksBuildPhase section */

/* Begin PBXGroup section */
		C293FBA72BF3854D001EC33A /* Model */ = {
			isa = PBXGroup;
			children = (
				C293FBA82BF38563001EC33A /* ItemModel.swift */,
			);
			path = Model;
			sourceTree = "<group>";
		};
		C2A6B7582BF340DA00B1A303 = {
			isa = PBXGroup;
			children = (
				C2A6B7632BF340DA00B1A303 /* To-Do App */,
				C2A6B7622BF340DA00B1A303 /* Products */,
			);
			sourceTree = "<group>";
		};
		C2A6B7622BF340DA00B1A303 /* Products */ = {
			isa = PBXGroup;
			children = (
				C2A6B7612BF340DA00B1A303 /* To-Do App.app */,
			);
			name = Products;
			sourceTree = "<group>";
		};
		C2A6B7632BF340DA00B1A303 /* To-Do App */ = {
			isa = PBXGroup;
			children = (
				C2A6B7642BF340DA00B1A303 /* To_Do_AppApp.swift */,
				C293FBA72BF3854D001EC33A /* Model */,
				C2A6B7722BF3423C00B1A303 /* View */,
				C2B6E8132BF5D4F0004358BC /* ViewModel */,
				C2A6B7682BF340DD00B1A303 /* Assets.xcassets */,
				C2A6B76A2BF340DD00B1A303 /* Preview Content */,
			);
			path = "To-Do App";
			sourceTree = "<group>";
		};
		C2A6B76A2BF340DD00B1A303 /* Preview Content */ = {
			isa = PBXGroup;
			children = (
				C2A6B76B2BF340DD00B1A303 /* Preview Assets.xcassets */,
			);
			path = "Preview Content";
			sourceTree = "<group>";
		};
		C2A6B7722BF3423C00B1A303 /* View */ = {
			isa = PBXGroup;
			children = (
				C2A6B7732BF3425000B1A303 /* ListView.swift */,
				C2A6B7772BF349DA00B1A303 /* AddView.swift */,
				C2A6B7752BF3449100B1A303 /* ListRowView.swift */,
				C2A1D4CE2BF7367600E31862 /* NoItemsView.swift */,
				C2A1D4D02BF7591100E31862 /* Launch Screen.storyboard */,
			);
			path = View;
			sourceTree = "<group>";
		};
		C2B6E8132BF5D4F0004358BC /* ViewModel */ = {
			isa = PBXGroup;
			children = (
				C2B6E8142BF5D514004358BC /* ListViewModel.swift */,
			);
			path = ViewModel;
			sourceTree = "<group>";
		};
/* End PBXGroup section */

/* Begin PBXNativeTarget section */
		C2A6B7602BF340DA00B1A303 /* To-Do App */ = {
			isa = PBXNativeTarget;
			buildConfigurationList = C2A6B76F2BF340DD00B1A303 /* Build configuration list for PBXNativeTarget "To-Do App" */;
			buildPhases = (
				C2A6B75D2BF340DA00B1A303 /* Sources */,
				C2A6B75E2BF340DA00B1A303 /* Frameworks */,
				C2A6B75F2BF340DA00B1A303 /* Resources */,
			);
			buildRules = (
			);
			dependencies = (
			);
			name = "To-Do App";
			productName = "To-Do App";
			productReference = C2A6B7612BF340DA00B1A303 /* To-Do App.app */;
			productType = "com.apple.product-type.application";
		};
/* End PBXNativeTarget section */

/* Begin PBXProject section */
		C2A6B7592BF340DA00B1A303 /* Project object */ = {
			isa = PBXProject;
			attributes = {
				BuildIndependentTargetsInParallel = 1;
				LastSwiftUpdateCheck = 1420;
				LastUpgradeCheck = 1420;
				TargetAttributes = {
					C2A6B7602BF340DA00B1A303 = {
						CreatedOnToolsVersion = 14.2;
					};
				};
			};
			buildConfigurationList = C2A6B75C2BF340DA00B1A303 /* Build configuration list for PBXProject "To-Do App" */;
			compatibilityVersion = "Xcode 14.0";
			developmentRegion = en;
			hasScannedForEncodings = 0;
			knownRegions = (
				en,
				Base,
			);
			mainGroup = C2A6B7582BF340DA00B1A303;
			productRefGroup = C2A6B7622BF340DA00B1A303 /* Products */;
			projectDirPath = "";
			projectRoot = "";
			targets = (
				C2A6B7602BF340DA00B1A303 /* To-Do App */,
			);
		};
/* End PBXProject section */

/* Begin PBXResourcesBuildPhase section */
		C2A6B75F2BF340DA00B1A303 /* Resources */ = {
			isa = PBXResourcesBuildPhase;
			buildActionMask = 2147483647;
			files = (
				C2A1D4D12BF7591100E31862 /* Launch Screen.storyboard in Resources */,
				C2A6B76C2BF340DD00B1A303 /* Preview Assets.xcassets in Resources */,
				C2A6B7692BF340DD00B1A303 /* Assets.xcassets in Resources */,
			);
			runOnlyForDeploymentPostprocessing = 0;
		};
/* End PBXResourcesBuildPhase section */

/* Begin PBXSourcesBuildPhase section */
		C2A6B75D2BF340DA00B1A303 /* Sources */ = {
			isa = PBXSourcesBuildPhase;
			buildActionMask = 2147483647;
			files = (
				C293FBA92BF38563001EC33A /* ItemModel.swift in Sources */,
				C2A6B7782BF349DA00B1A303 /* AddView.swift in Sources */,
				C2B6E8152BF5D515004358BC /* ListViewModel.swift in Sources */,
				C2A6B7652BF340DA00B1A303 /* To_Do_AppApp.swift in Sources */,
				C2A6B7742BF3425000B1A303 /* ListView.swift in Sources */,
				C2A1D4CF2BF7367600E31862 /* NoItemsView.swift in Sources */,
				C2A6B7762BF3449100B1A303 /* ListRowView.swift in Sources */,
			);
			runOnlyForDeploymentPostprocessing = 0;
		};
/* End PBXSourcesBuildPhase section */

/* Begin XCBuildConfiguration section */
		C2A6B76D2BF340DD00B1A303 /* Debug */ = {
			isa = XCBuildConfiguration;
			buildSettings = {
				ALWAYS_SEARCH_USER_PATHS = NO;
				CLANG_ANALYZER_NONNULL = YES;
				CLANG_ANALYZER_NUMBER_OBJECT_CONVERSION = YES_AGGRESSIVE;
				CLANG_CXX_LANGUAGE_STANDARD = "gnu++20";
				CLANG_ENABLE_MODULES = YES;
				CLANG_ENABLE_OBJC_ARC = YES;
				CLANG_ENABLE_OBJC_WEAK = YES;
				CLANG_WARN_BLOCK_CAPTURE_AUTORELEASING = YES;
				CLANG_WARN_BOOL_CONVERSION = YES;
				CLANG_WARN_COMMA = YES;
				CLANG_WARN_CONSTANT_CONVERSION = YES;
				CLANG_WARN_DEPRECATED_OBJC_IMPLEMENTATIONS = YES;
				CLANG_WARN_DIRECT_OBJC_ISA_USAGE = YES_ERROR;
				CLANG_WARN_DOCUMENTATION_COMMENTS = YES;
				CLANG_WARN_EMPTY_BODY = YES;
				CLANG_WARN_ENUM_CONVERSION = YES;
				CLANG_WARN_INFINITE_RECURSION = YES;
				CLANG_WARN_INT_CONVERSION = YES;
				CLANG_WARN_NON_LITERAL_NULL_CONVERSION = YES;
				CLANG_WARN_OBJC_IMPLICIT_RETAIN_SELF = YES;
				CLANG_WARN_OBJC_LITERAL_CONVERSION = YES;
				CLANG_WARN_OBJC_ROOT_CLASS = YES_ERROR;
				CLANG_WARN_QUOTED_INCLUDE_IN_FRAMEWORK_HEADER = YES;
				CLANG_WARN_RANGE_LOOP_ANALYSIS = YES;
				CLANG_WARN_STRICT_PROTOTYPES = YES;
				CLANG_WARN_SUSPICIOUS_MOVE = YES;
				CLANG_WARN_UNGUARDED_AVAILABILITY = YES_AGGRESSIVE;
				CLANG_WARN_UNREACHABLE_CODE = YES;
				CLANG_WARN__DUPLICATE_METHOD_MATCH = YES;
				COPY_PHASE_STRIP = NO;
				DEBUG_INFORMATION_FORMAT = dwarf;
				ENABLE_STRICT_OBJC_MSGSEND = YES;
				ENABLE_TESTABILITY = YES;
				GCC_C_LANGUAGE_STANDARD = gnu11;
				GCC_DYNAMIC_NO_PIC = NO;
				GCC_NO_COMMON_BLOCKS = YES;
				GCC_OPTIMIZATION_LEVEL = 0;
				GCC_PREPROCESSOR_DEFINITIONS = (
					"DEBUG=1",
					"$(inherited)",
				);
				GCC_WARN_64_TO_32_BIT_CONVERSION = YES;
				GCC_WARN_ABOUT_RETURN_TYPE = YES_ERROR;
				GCC_WARN_UNDECLARED_SELECTOR = YES;
				GCC_WARN_UNINITIALIZED_AUTOS = YES_AGGRESSIVE;
				GCC_WARN_UNUSED_FUNCTION = YES;
				GCC_WARN_UNUSED_VARIABLE = YES;
				IPHONEOS_DEPLOYMENT_TARGET = 16.2;
				MTL_ENABLE_DEBUG_INFO = INCLUDE_SOURCE;
				MTL_FAST_MATH = YES;
				ONLY_ACTIVE_ARCH = YES;
				SDKROOT = iphoneos;
				SWIFT_ACTIVE_COMPILATION_CONDITIONS = DEBUG;
				SWIFT_OPTIMIZATION_LEVEL = "-Onone";
			};
			name = Debug;
		};
		C2A6B76E2BF340DD00B1A303 /* Release */ = {
			isa = XCBuildConfiguration;
			buildSettings = {
				ALWAYS_SEARCH_USER_PATHS = NO;
				CLANG_ANALYZER_NONNULL = YES;
				CLANG_ANALYZER_NUMBER_OBJECT_CONVERSION = YES_AGGRESSIVE;
				CLANG_CXX_LANGUAGE_STANDARD = "gnu++20";
				CLANG_ENABLE_MODULES = YES;
				CLANG_ENABLE_OBJC_ARC = YES;
				CLANG_ENABLE_OBJC_WEAK = YES;
				CLANG_WARN_BLOCK_CAPTURE_AUTORELEASING = YES;
				CLANG_WARN_BOOL_CONVERSION = YES;
				CLANG_WARN_COMMA = YES;
				CLANG_WARN_CONSTANT_CONVERSION = YES;
				CLANG_WARN_DEPRECATED_OBJC_IMPLEMENTATIONS = YES;
				CLANG_WARN_DIRECT_OBJC_ISA_USAGE = YES_ERROR;
				CLANG_WARN_DOCUMENTATION_COMMENTS = YES;
				CLANG_WARN_EMPTY_BODY = YES;
				CLANG_WARN_ENUM_CONVERSION = YES;
				CLANG_WARN_INFINITE_RECURSION = YES;
				CLANG_WARN_INT_CONVERSION = YES;
				CLANG_WARN_NON_LITERAL_NULL_CONVERSION = YES;
				CLANG_WARN_OBJC_IMPLICIT_RETAIN_SELF = YES;
				CLANG_WARN_OBJC_LITERAL_CONVERSION = YES;
				CLANG_WARN_OBJC_ROOT_CLASS = YES_ERROR;
				CLANG_WARN_QUOTED_INCLUDE_IN_FRAMEWORK_HEADER = YES;
				CLANG_WARN_RANGE_LOOP_ANALYSIS = YES;
				CLANG_WARN_STRICT_PROTOTYPES = YES;
				CLANG_WARN_SUSPICIOUS_MOVE = YES;
				CLANG_WARN_UNGUARDED_AVAILABILITY = YES_AGGRESSIVE;
				CLANG_WARN_UNREACHABLE_CODE = YES;
				CLANG_WARN__DUPLICATE_METHOD_MATCH = YES;
				COPY_PHASE_STRIP = NO;
				DEBUG_INFORMATION_FORMAT = "dwarf-with-dsym";
				ENABLE_NS_ASSERTIONS = NO;
				ENABLE_STRICT_OBJC_MSGSEND = YES;
				GCC_C_LANGUAGE_STANDARD = gnu11;
				GCC_NO_COMMON_BLOCKS = YES;
				GCC_WARN_64_TO_32_BIT_CONVERSION = YES;
				GCC_WARN_ABOUT_RETURN_TYPE = YES_ERROR;
				GCC_WARN_UNDECLARED_SELECTOR = YES;
				GCC_WARN_UNINITIALIZED_AUTOS = YES_AGGRESSIVE;
				GCC_WARN_UNUSED_FUNCTION = YES;
				GCC_WARN_UNUSED_VARIABLE = YES;
				IPHONEOS_DEPLOYMENT_TARGET = 16.2;
				MTL_ENABLE_DEBUG_INFO = NO;
				MTL_FAST_MATH = YES;
				SDKROOT = iphoneos;
				SWIFT_COMPILATION_MODE = wholemodule;
				SWIFT_OPTIMIZATION_LEVEL = "-O";
				VALIDATE_PRODUCT = YES;
			};
			name = Release;
		};
		C2A6B7702BF340DD00B1A303 /* Debug */ = {
			isa = XCBuildConfiguration;
			buildSettings = {
				ASSETCATALOG_COMPILER_APPICON_NAME = AppIcon;
				ASSETCATALOG_COMPILER_GLOBAL_ACCENT_COLOR_NAME = AccentColor;
				CODE_SIGN_STYLE = Automatic;
				CURRENT_PROJECT_VERSION = 1;
				DEVELOPMENT_ASSET_PATHS = "\"To-Do App/Preview Content\"";
				ENABLE_PREVIEWS = YES;
				GENERATE_INFOPLIST_FILE = YES;
				INFOPLIST_KEY_CFBundleDisplayName = "Your TODO";
				INFOPLIST_KEY_UIApplicationSceneManifest_Generation = YES;
				INFOPLIST_KEY_UIApplicationSupportsIndirectInputEvents = YES;
				INFOPLIST_KEY_UILaunchScreen_Generation = YES;
				INFOPLIST_KEY_UILaunchStoryboardName = "Launch Screen.storyboard";
				INFOPLIST_KEY_UISupportedInterfaceOrientations_iPad = "UIInterfaceOrientationPortrait UIInterfaceOrientationPortraitUpsideDown UIInterfaceOrientationLandscapeLeft UIInterfaceOrientationLandscapeRight";
				INFOPLIST_KEY_UISupportedInterfaceOrientations_iPhone = "UIInterfaceOrientationPortrait UIInterfaceOrientationLandscapeLeft UIInterfaceOrientationLandscapeRight";
				LD_RUNPATH_SEARCH_PATHS = (
					"$(inherited)",
					"@executable_path/Frameworks",
				);
				MARKETING_VERSION = 1.0;
				PRODUCT_BUNDLE_IDENTIFIER = "com.elluminati.To-Do-App";
				PRODUCT_NAME = "$(TARGET_NAME)";
				SWIFT_EMIT_LOC_STRINGS = YES;
				SWIFT_VERSION = 5.0;
				TARGETED_DEVICE_FAMILY = "1,2";
			};
			name = Debug;
		};
		C2A6B7712BF340DD00B1A303 /* Release */ = {
			isa = XCBuildConfiguration;
			buildSettings = {
				ASSETCATALOG_COMPILER_APPICON_NAME = AppIcon;
				ASSETCATALOG_COMPILER_GLOBAL_ACCENT_COLOR_NAME = AccentColor;
				CODE_SIGN_STYLE = Automatic;
				CURRENT_PROJECT_VERSION = 1;
				DEVELOPMENT_ASSET_PATHS = "\"To-Do App/Preview Content\"";
				ENABLE_PREVIEWS = YES;
				GENERATE_INFOPLIST_FILE = YES;
				INFOPLIST_KEY_CFBundleDisplayName = "Your TODO";
				INFOPLIST_KEY_UIApplicationSceneManifest_Generation = YES;
				INFOPLIST_KEY_UIApplicationSupportsIndirectInputEvents = YES;
				INFOPLIST_KEY_UILaunchScreen_Generation = YES;
				INFOPLIST_KEY_UILaunchStoryboardName = "Launch Screen.storyboard";
				INFOPLIST_KEY_UISupportedInterfaceOrientations_iPad = "UIInterfaceOrientationPortrait UIInterfaceOrientationPortraitUpsideDown UIInterfaceOrientationLandscapeLeft UIInterfaceOrientationLandscapeRight";
				INFOPLIST_KEY_UISupportedInterfaceOrientations_iPhone = "UIInterfaceOrientationPortrait UIInterfaceOrientationLandscapeLeft UIInterfaceOrientationLandscapeRight";
				LD_RUNPATH_SEARCH_PATHS = (
					"$(inherited)",
					"@executable_path/Frameworks",
				);
				MARKETING_VERSION = 1.0;
				PRODUCT_BUNDLE_IDENTIFIER = "com.elluminati.To-Do-App";
				PRODUCT_NAME = "$(TARGET_NAME)";
				SWIFT_EMIT_LOC_STRINGS = YES;
				SWIFT_VERSION = 5.0;
				TARGETED_DEVICE_FAMILY = "1,2";
			};
			name = Release;
		};
/* End XCBuildConfiguration section */

/* Begin XCConfigurationList section */
		C2A6B75C2BF340DA00B1A303 /* Build configuration list for PBXProject "To-Do App" */ = {
			isa = XCConfigurationList;
			buildConfigurations = (
				C2A6B76D2BF340DD00B1A303 /* Debug */,
				C2A6B76E2BF340DD00B1A303 /* Release */,
			);
			defaultConfigurationIsVisible = 0;
			defaultConfigurationName = Release;
		};
		C2A6B76F2BF340DD00B1A303 /* Build configuration list for PBXNativeTarget "To-Do App" */ = {
			isa = XCConfigurationList;
			buildConfigurations = (
				C2A6B7702BF340DD00B1A303 /* Debug */,
				C2A6B7712BF340DD00B1A303 /* Release */,
			);
			defaultConfigurationIsVisible = 0;
			defaultConfigurationName = Release;
		};
/* End XCConfigurationList section */
	};
	rootObject = C2A6B7592BF340DA00B1A303 /* Project object */;
}
